
Microsoft Visual Studio Solution File, Format Version 12.00
# Visual Studio 15
VisualStudioVersion = 15.0.26730.16
MinimumVisualStudioVersion = 10.0.40219.1
Project("{FAE04EC0-301F-11D3-BF4B-00C04F79EFBC}") = "CodingDojo1", "CodingDojo1\CodingDojo1.csproj", "{6003C924-1C48-45ED-97DF-4685190FBC87}"
EndProject
Global
	GlobalSection(SolutionConfigurationPlatforms) = preSolution
		Debug|Any CPU = Debug|Any CPU
		Release|Any CPU = Release|Any CPU
	EndGlobalSection
	GlobalSection(ProjectConfigurationPlatforms) = postSolution
		{6003C924-1C48-45ED-97DF-4685190FBC87}.Debug|Any CPU.ActiveCfg = Debug|Any CPU
		{6003C924-1C48-45ED-97DF-4685190FBC87}.Debug|Any CPU.Build.0 = Debug|Any CPU
		{6003C924-1C48-45ED-97DF-4685190FBC87}.Release|Any CPU.ActiveCfg = Release|Any CPU
		{6003C924-1C48-45ED-97DF-4685190FBC87}.Release|Any CPU.Build.0 = Release|Any CPU
	EndGlobalSection
	GlobalSection(SolutionProperties) = preSolution
		HideSolutionNode = FALSE
	EndGlobalSection
	GlobalSection(ExtensibilityGlobals) = postSolution
		SolutionGuid = {0880DE09-522D-446A-A69A-90BC7BBAB27E}
	EndGlobalSection
EndGlobal
